Microsoft Visual Studio Solution File, Format Version 12.00
# Visual Studio Version 17
VisualStudioVersion = 17.0.31606.5
MinimumVisualStudioVersion = 10.0.40219.1
Project("{8BC9CEB8-8B4A-11D0-8D11-00A0C91BC942}") = "internal_hvh", "internal_hvh\internal_hvh.vcxproj", "{D1F5161A-D2FA-4BAB-9D72-F167448AA9C1}"
EndProject
Global
	GlobalSection(SolutionConfigurationPlatforms) = preSolution
		Debug|x64 = Debug|x64
		Debug|x86 = Debug|x86
		Prerelease|x64 = Prerelease|x64
		Prerelease|x86 = Prerelease|x86
		Release|x64 = Release|x64
		Release|x86 = Release|x86
		ReleaseSymbols|x64 = ReleaseSymbols|x64
		ReleaseSymbols|x86 = ReleaseSymbols|x86
	EndGlobalSection
	GlobalSection(ProjectConfigurationPlatforms) = postSolution
		{D1F5161A-D2FA-4BAB-9D72-F167448AA9C1}.Debug|x64.ActiveCfg = Debug|x64
		{D1F5161A-D2FA-4BAB-9D72-F167448AA9C1}.Debug|x64.Build.0 = Debug|x64
		{D1F5161A-D2FA-4BAB-9D72-F167448AA9C1}.Debug|x86.ActiveCfg = Debug|Win32
		{D1F5161A-D2FA-4BAB-9D72-F167448AA9C1}.Debug|x86.Build.0 = Debug|Win32
		{D1F5161A-D2FA-4BAB-9D72-F167448AA9C1}.Prerelease|x64.ActiveCfg = Prerelease|x64
		{D1F5161A-D2FA-4BAB-9D72-F167448AA9C1}.Prerelease|x64.Build.0 = Prerelease|x64
		{D1F5161A-D2FA-4BAB-9D72-F167448AA9C1}.Prerelease|x86.ActiveCfg = Prerelease|Win32
		{D1F5161A-D2FA-4BAB-9D72-F167448AA9C1}.Prerelease|x86.Build.0 = Prerelease|Win32
		{D1F5161A-D2FA-4BAB-9D72-F167448AA9C1}.Release|x64.ActiveCfg = Release|x64
		{D1F5161A-D2FA-4BAB-9D72-F167448AA9C1}.Release|x64.Build.0 = Release|x64
		{D1F5161A-D2FA-4BAB-9D72-F167448AA9C1}.Release|x86.ActiveCfg = Release|Win32
		{D1F5161A-D2FA-4BAB-9D72-F167448AA9C1}.Release|x86.Build.0 = Release|Win32
		{D1F5161A-D2FA-4BAB-9D72-F167448AA9C1}.ReleaseSymbols|x64.ActiveCfg = ReleaseSymbols|x64
		{D1F5161A-D2FA-4BAB-9D72-F167448AA9C1}.ReleaseSymbols|x64.Build.0 = ReleaseSymbols|x64
		{D1F5161A-D2FA-4BAB-9D72-F167448AA9C1}.ReleaseSymbols|x86.ActiveCfg = ReleaseSymbols|Win32
		{D1F5161A-D2FA-4BAB-9D72-F167448AA9C1}.ReleaseSymbols|x86.Build.0 = ReleaseSymbols|Win32
	EndGlobalSection
	GlobalSection(SolutionProperties) = preSolution
		HideSolutionNode = FALSE
	EndGlobalSection
	GlobalSection(ExtensibilityGlobals) = postSolution
		SolutionGuid = {FB732B27-F00F-4F23-8A30-2F871494CC54}
	EndGlobalSection
EndGlobal
