<?xml version="1.0" encoding="utf-8"?>
<Project ToolsVersion="4.0" xmlns="http://schemas.microsoft.com/developer/msbuild/2003">
  <ItemGroup>
    <Filter Include="source">
      <UniqueIdentifier>{4FC737F1-C7A5-4376-A066-2A32D752A2FF}</UniqueIdentifier>
      <Extensions>cpp;c;cc;cxx;def;odl;idl;hpj;bat;asm;asmx</Extensions>
    </Filter>
    <Filter Include="source\features">
      <UniqueIdentifier>{40004cbd-375a-4c9a-b0a8-2e359de68bbc}</UniqueIdentifier>
    </Filter>
    <Filter Include="source\hooks">
      <UniqueIdentifier>{1ce3e2b0-5938-4e3e-8666-73f106d7abf7}</UniqueIdentifier>
    </Filter>
    <Filter Include="source\misc">
      <UniqueIdentifier>{27a50261-e179-4544-9219-a151fe08d19e}</UniqueIdentifier>
    </Filter>
    <Filter Include="source\sdk">
      <UniqueIdentifier>{7176f44b-0e97-44d4-9839-3a3d5b348223}</UniqueIdentifier>
    </Filter>
    <Filter Include="source\sdk\interfaces">
      <UniqueIdentifier>{df786895-be6a-4b3d-b81a-8b5361857194}</UniqueIdentifier>
    </Filter>
    <Filter Include="headers">
      <UniqueIdentifier>{93995380-89BD-4b04-88EB-625FBE52EBFB}</UniqueIdentifier>
      <Extensions>h;hh;hpp;hxx;hm;inl;inc;xsd</Extensions>
    </Filter>
    <Filter Include="headers\features">
      <UniqueIdentifier>{7875d344-ff23-4a64-b95b-d48b8c10ad78}</UniqueIdentifier>
    </Filter>
    <Filter Include="headers\hooks">
      <UniqueIdentifier>{2927f174-42f6-4b60-8ea6-f3babd91749b}</UniqueIdentifier>
    </Filter>
    <Filter Include="headers\misc">
      <UniqueIdentifier>{fba8a86f-4481-4aed-9b1d-18c8d7d40a1f}</UniqueIdentifier>
    </Filter>
    <Filter Include="headers\sdk">
      <UniqueIdentifier>{85170d27-9786-4a0a-8b66-904d8a9a7003}</UniqueIdentifier>
    </Filter>
    <Filter Include="headers\sdk\datatypes">
      <UniqueIdentifier>{e0f5c7f5-490f-4a5a-8b70-0ce4d072b891}</UniqueIdentifier>
    </Filter>
    <Filter Include="headers\sdk\interfaces">
      <UniqueIdentifier>{7307fb4d-c9bb-4e47-8762-41ba270156f7}</UniqueIdentifier>
    </Filter>
    <Filter Include="headers\menu">
      <UniqueIdentifier>{a91ae1e4-443f-4c74-97e2-67e771d9dca3}</UniqueIdentifier>
    </Filter>
    <Filter Include="headers\menu\elements">
      <UniqueIdentifier>{223307ec-f1c1-4e8d-92d9-b04364315bf4}</UniqueIdentifier>
    </Filter>
    <Filter Include="headers\menu\elements\sub_controls">
      <UniqueIdentifier>{c166605b-3c17-4978-a5ce-ae11e228d3ae}</UniqueIdentifier>
    </Filter>
    <Filter Include="source\menu">
      <UniqueIdentifier>{d9dad020-591c-4cf1-be36-59a8549a8e2b}</UniqueIdentifier>
    </Filter>
    <Filter Include="headers\misc\tsl">
      <UniqueIdentifier>{358adbfa-ca85-4c54-be79-d219381674ad}</UniqueIdentifier>
    </Filter>
    <Filter Include="source\menu\elements">
      <UniqueIdentifier>{1dca6b07-8b0a-4d2e-a271-7d6f467014d0}</UniqueIdentifier>
    </Filter>
    <Filter Include="source\menu\elements\sub_controls">
      <UniqueIdentifier>{264ae3f6-12d8-49c0-8efb-eb3cb9ab0db8}</UniqueIdentifier>
    </Filter>
    <Filter Include="source\sdk\datatypes">
      <UniqueIdentifier>{64a62994-7f26-4fa6-a953-b7466d8363dd}</UniqueIdentifier>
    </Filter>
    <Filter Include="headers\misc\networking">
      <UniqueIdentifier>{80e48b8b-0112-49fc-ae22-c71312221a4f}</UniqueIdentifier>
    </Filter>
    <Filter Include="source\misc\networking">
      <UniqueIdentifier>{4fb0fe44-79bc-42c3-90bf-16104e430e41}</UniqueIdentifier>
    </Filter>
    <Filter Include="source\lua">
      <UniqueIdentifier>{4a255946-8a0f-4b3c-9793-cc7d8212021d}</UniqueIdentifier>
    </Filter>
    <Filter Include="source\lua\api">
      <UniqueIdentifier>{491b1ef1-5e96-4715-8c54-6fd978509b1e}</UniqueIdentifier>
    </Filter>
    <Filter Include="headers\lua">
      <UniqueIdentifier>{e7a3799a-bdd6-4d1e-9fbc-6ebb6da98f32}</UniqueIdentifier>
    </Filter>
    <Filter Include="headers\misc\renderer">
      <UniqueIdentifier>{905a1d61-eea6-43a4-b319-d3fb417ac422}</UniqueIdentifier>
    </Filter>
    <Filter Include="headers\misc\renderer\include">
      <UniqueIdentifier>{77f4bc15-3f18-448c-b909-a80f64a12b9c}</UniqueIdentifier>
    </Filter>
    <Filter Include="headers\misc\renderer\include\ren">
      <UniqueIdentifier>{5714743f-760a-4f70-8484-d714d4662d44}</UniqueIdentifier>
    </Filter>
    <Filter Include="headers\misc\renderer\include\deps">
      <UniqueIdentifier>{87e78a9a-9e10-4aaf-ba56-aa4615f2d35e}</UniqueIdentifier>
    </Filter>
    <Filter Include="headers\misc\renderer\include\deps\stb">
      <UniqueIdentifier>{6eb5b3b1-66c0-4402-b572-d9bcc06226de}</UniqueIdentifier>
    </Filter>
    <Filter Include="source\misc\renderer">
      <UniqueIdentifier>{0dba7faa-bb76-45fb-83ea-8f438140bdb7}</UniqueIdentifier>
    </Filter>
    <Filter Include="source\misc\renderer\src">
      <UniqueIdentifier>{97c298d6-b610-467d-88df-cd036dea420e}</UniqueIdentifier>
    </Filter>
    <Filter Include="source\misc\networking\src">
      <UniqueIdentifier>{4bd277d3-f165-4359-bcc8-0aa67e6b6f75}</UniqueIdentifier>
    </Filter>
    <Filter Include="source\misc\networking\src\crypto">
      <UniqueIdentifier>{f5cf33dd-c991-495a-8b85-66e146f354e2}</UniqueIdentifier>
    </Filter>
    <Filter Include="headers\misc\networking\include">
      <UniqueIdentifier>{a081df75-4caa-4e7c-8484-890043252db6}</UniqueIdentifier>
    </Filter>
    <Filter Include="headers\misc\networking\crypto">
      <UniqueIdentifier>{fe75cc20-7f3f-48c9-97bb-c77d23197cf9}</UniqueIdentifier>
    </Filter>
  </ItemGroup>
  <ItemGroup>
    <ClCompile Include="DLLMain.cpp">
      <Filter>source</Filter>
    </ClCompile>
    <ClCompile Include="Misc\util.cpp">
      <Filter>source\misc</Filter>
    </ClCompile>
    <ClCompile Include="Misc\init.cpp">
      <Filter>source\misc</Filter>
    </ClCompile>
    <ClCompile Include="SDK\entity_classes.cpp">
      <Filter>source\sdk</Filter>
    </ClCompile>
    <ClCompile Include="Features\aimbot.cpp">
      <Filter>source\features</Filter>
    </ClCompile>
    <ClCompile Include="Features\prediction.cpp">
      <Filter>source\features</Filter>
    </ClCompile>
    <ClCompile Include="SDK\checksum_md5.cpp">
      <Filter>source\sdk</Filter>
    </ClCompile>
    <ClCompile Include="Misc\math.cpp">
      <Filter>source\misc</Filter>
    </ClCompile>
    <ClCompile Include="Features\chams.cpp">
      <Filter>source\features</Filter>
    </ClCompile>
    <ClCompile Include="Features\player_log.cpp">
      <Filter>source\features</Filter>
    </ClCompile>
    <ClCompile Include="Features\lag_compensation.cpp">
      <Filter>source\features</Filter>
    </ClCompile>
    <ClCompile Include="Hooks\create_move.cpp">
      <Filter>source\hooks</Filter>
    </ClCompile>
    <ClCompile Include="Hooks\frame_stage_notify.cpp">
      <Filter>source\hooks</Filter>
    </ClCompile>
    <ClCompile Include="Hooks\draw_model_execute.cpp">
      <Filter>source\hooks</Filter>
    </ClCompile>
    <ClCompile Include="Hooks\render_view.cpp">
      <Filter>source\hooks</Filter>
    </ClCompile>
    <ClCompile Include="Hooks\wnd_proc.cpp">
      <Filter>source\hooks</Filter>
    </ClCompile>
    <ClCompile Include="Misc\listeners.cpp">
      <Filter>source\misc</Filter>
    </ClCompile>
    <ClCompile Include="Features\beams.cpp">
      <Filter>source\features</Filter>
    </ClCompile>
    <ClCompile Include="Features\resolver.cpp">
      <Filter>source\features</Filter>
    </ClCompile>
    <ClCompile Include="Features\wall_penetration.cpp">
      <Filter>source\features</Filter>
    </ClCompile>
    <ClCompile Include="Hooks\is_box_visible.cpp">
      <Filter>source\hooks</Filter>
    </ClCompile>
    <ClCompile Include="Features\antiaim.cpp">
      <Filter>source\features</Filter>
    </ClCompile>
    <ClCompile Include="Features\animations.cpp">
      <Filter>source\features</Filter>
    </ClCompile>
    <ClCompile Include="Hooks\scene_end.cpp">
      <Filter>source\hooks</Filter>
    </ClCompile>
    <ClCompile Include="Features\thirdperson.cpp">
      <Filter>source\features</Filter>
    </ClCompile>
    <ClCompile Include="Features\hitmarker.cpp">
      <Filter>source\features</Filter>
    </ClCompile>
    <ClCompile Include="Features\bone_setup.cpp">
      <Filter>source\features</Filter>
    </ClCompile>
    <ClCompile Include="Hooks\do_post_screen_space_effects.cpp">
      <Filter>source\hooks</Filter>
    </ClCompile>
    <ClCompile Include="Features\glow.cpp">
      <Filter>source\features</Filter>
    </ClCompile>
    <ClCompile Include="hooks\present.cpp">
      <Filter>source\hooks</Filter>
    </ClCompile>
    <ClCompile Include="hooks\reset.cpp">
      <Filter>source\hooks</Filter>
    </ClCompile>
    <ClCompile Include="sdk\interfaces\CGlowObjectManager.cpp">
      <Filter>source\sdk\interfaces</Filter>
    </ClCompile>
    <ClCompile Include="features\freestanding.cpp">
      <Filter>source\features</Filter>
    </ClCompile>
    <ClCompile Include="features\misc.cpp">
      <Filter>source\features</Filter>
    </ClCompile>
    <ClCompile Include="hooks\packet_start.cpp">
      <Filter>source\hooks</Filter>
    </ClCompile>
    <ClCompile Include="features\visuals.cpp">
      <Filter>source\features</Filter>
    </ClCompile>
    <ClCompile Include="features\autostrafer.cpp">
      <Filter>source\features</Filter>
    </ClCompile>
    <ClCompile Include="hooks\override_view.cpp">
      <Filter>source\hooks</Filter>
    </ClCompile>
    <ClCompile Include="hooks\paint_traverse.cpp">
      <Filter>source\hooks</Filter>
    </ClCompile>
    <ClCompile Include="hooks\emit_sound.cpp">
      <Filter>source\hooks</Filter>
    </ClCompile>
    <ClCompile Include="hooks\sequence.cpp">
      <Filter>source\hooks</Filter>
    </ClCompile>
    <ClCompile Include="hooks\con_vars.cpp">
      <Filter>source\hooks</Filter>
    </ClCompile>
    <ClCompile Include="features\console_log.cpp">
      <Filter>source\features</Filter>
    </ClCompile>
    <ClCompile Include="features\skinchanger.cpp">
      <Filter>source\features</Filter>
    </ClCompile>
    <ClCompile Include="features\inventorychanger.cpp">
      <Filter>source\features</Filter>
    </ClCompile>
    <ClCompile Include="hooks\is_connected.cpp">
      <Filter>source\hooks</Filter>
    </ClCompile>
    <ClCompile Include="misc\d3dfont.cpp">
      <Filter>source\misc</Filter>
    </ClCompile>
    <ClCompile Include="hooks\process_input.cpp">
      <Filter>source\hooks</Filter>
    </ClCompile>
    <ClCompile Include="features\knifebot.cpp">
      <Filter>source\features</Filter>
    </ClCompile>
    <ClCompile Include="md5.cpp">
      <Filter>source</Filter>
    </ClCompile>
    <ClCompile Include="features\legit.cpp">
      <Filter>source\features</Filter>
    </ClCompile>
    <ClCompile Include="features\grenade_pred.cpp">
      <Filter>source\features</Filter>
    </ClCompile>
    <ClCompile Include="features\aimbot_helpers.cpp">
      <Filter>source\features</Filter>
    </ClCompile>
    <ClCompile Include="hooks\setup_bones_calls.cpp">
      <Filter>source\hooks</Filter>
    </ClCompile>
    <ClCompile Include="sdk\trace_ray.cpp">
      <Filter>source\sdk</Filter>
    </ClCompile>
    <ClCompile Include="hooks\run_command.cpp">
      <Filter>source\hooks</Filter>
    </ClCompile>
    <ClCompile Include="misc\config.cpp">
      <Filter>source\misc</Filter>
    </ClCompile>
    <ClCompile Include="misc\input.cpp">
      <Filter>source\misc</Filter>
    </ClCompile>
    <ClCompile Include="menu\elements\checkbox.cpp">
      <Filter>source\menu\elements</Filter>
    </ClCompile>
    <ClCompile Include="menu\elements\child.cpp">
      <Filter>source\menu\elements</Filter>
    </ClCompile>
    <ClCompile Include="menu\elements\combobox.cpp">
      <Filter>source\menu\elements</Filter>
    </ClCompile>
    <ClCompile Include="menu\elements\glitch_text.cpp">
      <Filter>source\menu\elements</Filter>
    </ClCompile>
    <ClCompile Include="menu\elements\slider.cpp">
      <Filter>source\menu\elements</Filter>
    </ClCompile>
    <ClCompile Include="menu\elements\sub_tab.cpp">
      <Filter>source\menu\elements</Filter>
    </ClCompile>
    <ClCompile Include="menu\elements\tab.cpp">
      <Filter>source\menu\elements</Filter>
    </ClCompile>
    <ClCompile Include="menu\elements\window.cpp">
      <Filter>source\menu\elements</Filter>
    </ClCompile>
    <ClCompile Include="menu\elements\sub_controls\color_picker.cpp">
      <Filter>source\menu\elements\sub_controls</Filter>
    </ClCompile>
    <ClCompile Include="menu\elements\sub_controls\key_bind.cpp">
      <Filter>source\menu\elements\sub_controls</Filter>
    </ClCompile>
    <ClCompile Include="menu\menu.cpp">
      <Filter>source\menu</Filter>
    </ClCompile>
    <ClCompile Include="menu\elements\button.cpp">
      <Filter>source\menu\elements</Filter>
    </ClCompile>
    <ClCompile Include="menu\elements\listbox.cpp">
      <Filter>source\menu\elements</Filter>
    </ClCompile>
    <ClCompile Include="menu\elements\text_box.cpp">
      <Filter>source\menu\elements</Filter>
    </ClCompile>
    <ClCompile Include="features\sound_esp.cpp">
      <Filter>source\features</Filter>
    </ClCompile>
    <ClCompile Include="menu\elements\control.cpp">
      <Filter>source\menu\elements</Filter>
    </ClCompile>
    <ClCompile Include="features\hitscan.cpp">
      <Filter>source\features</Filter>
    </ClCompile>
    <ClCompile Include="sdk\datatypes\Vector.cpp">
      <Filter>source\sdk\datatypes</Filter>
    </ClCompile>
    <ClCompile Include="hooks\level_init_post_entity.cpp">
      <Filter>source\hooks</Filter>
    </ClCompile>
    <ClCompile Include="hooks\find_material.cpp">
      <Filter>source\hooks</Filter>
    </ClCompile>
    <ClCompile Include="features\flashlight.cpp">
      <Filter>source\features</Filter>
    </ClCompile>
    <ClCompile Include="hooks\level_shutdown.cpp">
      <Filter>source\hooks</Filter>
    </ClCompile>
    <ClCompile Include="sdk\KeyValues.cpp">
      <Filter>source\sdk</Filter>
    </ClCompile>
    <ClCompile Include="features\tickbase.cpp">
      <Filter>source\features</Filter>
    </ClCompile>
    <ClCompile Include="features\mt.cpp">
      <Filter>source\features</Filter>
    </ClCompile>
    <ClCompile Include="menu\elements\hue_slider.cpp">
      <Filter>source\menu\elements</Filter>
    </ClCompile>
    <ClCompile Include="menu\elements\alpha_slider.cpp">
      <Filter>source\menu\elements</Filter>
    </ClCompile>
    <ClCompile Include="menu\elements\weapon_tab.cpp">
      <Filter>source\menu\elements</Filter>
    </ClCompile>
    <ClCompile Include="hooks\net_props.cpp">
      <Filter>source\hooks</Filter>
    </ClCompile>
    <ClCompile Include="misc\StackTracer.cpp">
      <Filter>source\misc</Filter>
    </ClCompile>
    <ClCompile Include="hooks\physics_simulate.cpp">
      <Filter>source\hooks</Filter>
    </ClCompile>
    <ClCompile Include="hooks\estimate_abs_velocity.cpp">
      <Filter>source\hooks</Filter>
    </ClCompile>
    <ClCompile Include="features\entity_rendering.cpp">
      <Filter>source\features</Filter>
    </ClCompile>
    <ClCompile Include="features\playerperf.cpp">
      <Filter>source\features</Filter>
    </ClCompile>
    <ClCompile Include="hooks\player.cpp">
      <Filter>source\hooks</Filter>
    </ClCompile>
    <ClCompile Include="misc\globals.cpp">
      <Filter>source\misc</Filter>
    </ClCompile>
    <ClCompile Include="misc\networking\connector.cpp">
      <Filter>source\misc\networking</Filter>
    </ClCompile>
    <ClCompile Include="misc\networking\net_offsets.cpp">
      <Filter>source\misc\networking</Filter>
    </ClCompile>
    <ClCompile Include="menu\effects.cpp">
      <Filter>source\menu</Filter>
    </ClCompile>
    <ClCompile Include="features\shared_data.cpp">
      <Filter>source\features</Filter>
    </ClCompile>
    <ClCompile Include="lua_new\lua\engine.cpp">
      <Filter>source\lua</Filter>
    </ClCompile>
    <ClCompile Include="lua_new\lua\helpers.cpp">
      <Filter>source\lua</Filter>
    </ClCompile>
    <ClCompile Include="lua_new\lua\runtime_state.cpp">
      <Filter>source\lua</Filter>
    </ClCompile>
    <ClCompile Include="lua_new\lua\script.cpp">
      <Filter>source\lua</Filter>
    </ClCompile>
    <ClCompile Include="lua_new\lua\state.cpp">
      <Filter>source\lua</Filter>
    </ClCompile>
    <ClCompile Include="lua_new\lua\api\cvar.cpp">
      <Filter>source\lua\api</Filter>
    </ClCompile>
    <ClCompile Include="lua_new\lua\api\database.cpp">
      <Filter>source\lua\api</Filter>
    </ClCompile>
    <ClCompile Include="lua_new\lua\api\engine.cpp">
      <Filter>source\lua\api</Filter>
    </ClCompile>
    <ClCompile Include="lua_new\lua\api\entity.cpp">
      <Filter>source\lua\api</Filter>
    </ClCompile>
    <ClCompile Include="lua_new\lua\api\event.cpp">
      <Filter>source\lua\api</Filter>
    </ClCompile>
    <ClCompile Include="lua_new\lua\api\globals.cpp">
      <Filter>source\lua\api</Filter>
    </ClCompile>
    <ClCompile Include="lua_new\lua\api\gui.cpp">
      <Filter>source\lua\api</Filter>
    </ClCompile>
    <ClCompile Include="lua_new\lua\api\input.cpp">
      <Filter>source\lua\api</Filter>
    </ClCompile>
    <ClCompile Include="lua_new\lua\api\render.cpp">
      <Filter>source\lua\api</Filter>
    </ClCompile>
    <ClCompile Include="lua_new\lua\api\timer.cpp">
      <Filter>source\lua\api</Filter>
    </ClCompile>
    <ClCompile Include="lua_new\lua\api\user_cmd.cpp">
      <Filter>source\lua\api</Filter>
    </ClCompile>
    <ClCompile Include="lua_new\lua\api\utils.cpp">
      <Filter>source\lua\api</Filter>
    </ClCompile>
    <ClCompile Include="hooks\lua.cpp">
      <Filter>source\hooks</Filter>
    </ClCompile>
    <ClCompile Include="misc\renderer\src\adapter_dx9.cpp">
      <Filter>source\misc\renderer\src</Filter>
    </ClCompile>
    <ClCompile Include="misc\renderer\src\adapter_dx11.cpp">
      <Filter>source\misc\renderer\src</Filter>
    </ClCompile>
    <ClCompile Include="misc\renderer\src\adapter_gl2.cpp">
      <Filter>source\misc\renderer\src</Filter>
    </ClCompile>
    <ClCompile Include="misc\renderer\src\adapter_gl3.cpp">
      <Filter>source\misc\renderer\src</Filter>
    </ClCompile>
    <ClCompile Include="misc\renderer\src\command.cpp">
      <Filter>source\misc\renderer\src</Filter>
    </ClCompile>
    <ClCompile Include="misc\renderer\src\font.cpp">
      <Filter>source\misc\renderer\src</Filter>
    </ClCompile>
    <ClCompile Include="misc\renderer\src\layer.cpp">
      <Filter>source\misc\renderer\src</Filter>
    </ClCompile>
    <ClCompile Include="misc\renderer\src\renderer.cpp">
      <Filter>source\misc\renderer\src</Filter>
    </ClCompile>
    <ClCompile Include="misc\renderer\src\texture.cpp">
      <Filter>source\misc\renderer\src</Filter>
    </ClCompile>
    <ClCompile Include="misc\renderer\src\bitfont.cpp">
      <Filter>source\misc\renderer\src</Filter>
    </ClCompile>
    <ClCompile Include="misc\dx_adapter.cpp">
      <Filter>source\misc</Filter>
    </ClCompile>
    <ClCompile Include="lua_new\lua\api\math.cpp">
      <Filter>source\lua\api</Filter>
    </ClCompile>
    <ClCompile Include="lua_new\lua\api\cfg.cpp">
      <Filter>source\lua\api</Filter>
    </ClCompile>
    <ClCompile Include="hooks\misc.cpp">
      <Filter>source\hooks</Filter>
    </ClCompile>
    <ClCompile Include="misc\networking\src\crypto\helpers.cpp">
      <Filter>source\misc\networking\src\crypto</Filter>
    </ClCompile>
    <ClCompile Include="lua_new\lua\api\panorama.cpp">
      <Filter>source\lua\api</Filter>
    </ClCompile>
    <ClCompile Include="lua_new\lua\api\fs.cpp">
      <Filter>source\lua\api</Filter>
    </ClCompile>
    <ClCompile Include="lua_new\lua\api\zip.cpp">
      <Filter>source\lua\api</Filter>
    </ClCompile>
    <ClCompile Include="misc\aes256.cpp">
      <Filter>source\misc</Filter>
    </ClCompile>
    <ClCompile Include="lua_new\lua\api\mat.cpp">
      <Filter>source\lua\api</Filter>
    </ClCompile>
    <ClCompile Include="misc\monocypher.c">
      <Filter>source\misc</Filter>
    </ClCompile>
    <ClCompile Include="misc\hooks.cpp">
      <Filter>source\misc</Filter>
    </ClCompile>
  </ItemGroup>
  <ItemGroup>
    <ClInclude Include="includes.h">
      <Filter>headers</Filter>
    </ClInclude>
    <ClInclude Include="include_cheat.h">
      <Filter>headers</Filter>
    </ClInclude>
    <ClInclude Include="Misc\util.h">
      <Filter>headers\misc</Filter>
    </ClInclude>
    <ClInclude Include="Misc\init.h">
      <Filter>headers\misc</Filter>
    </ClInclude>
    <ClInclude Include="Hooks\hooks.h">
      <Filter>headers\hooks</Filter>
    </ClInclude>
    <ClInclude Include="SDK\misc.h">
      <Filter>headers\sdk</Filter>
    </ClInclude>
    <ClInclude Include="SDK\include_sdk.h">
      <Filter>headers\sdk</Filter>
    </ClInclude>
    <ClInclude Include="SDK\datatypes\Vector.h">
      <Filter>headers\sdk\datatypes</Filter>
    </ClInclude>
    <ClInclude Include="SDK\datatypes\QAngle.h">
      <Filter>headers\sdk\datatypes</Filter>
    </ClInclude>
    <ClInclude Include="SDK\defines.h">
      <Filter>headers\sdk</Filter>
    </ClInclude>
    <ClInclude Include="SDK\interfaces\interfaces.h">
      <Filter>headers\sdk\interfaces</Filter>
    </ClInclude>
    <ClInclude Include="SDK\interfaces\IBaseClientDll.h">
      <Filter>headers\sdk\interfaces</Filter>
    </ClInclude>
    <ClInclude Include="SDK\ClientClass.h">
      <Filter>headers\sdk</Filter>
    </ClInclude>
    <ClInclude Include="SDK\interfaces\IClientEntityList.h">
      <Filter>headers\sdk\interfaces</Filter>
    </ClInclude>
    <ClInclude Include="SDK\IClientEntity.h">
      <Filter>headers\sdk</Filter>
    </ClInclude>
    <ClInclude Include="SDK\datatypes\matrix3x4_t.h">
      <Filter>headers\sdk\datatypes</Filter>
    </ClInclude>
    <ClInclude Include="SDK\interfaces\IClientModeShared.h">
      <Filter>headers\sdk\interfaces</Filter>
    </ClInclude>
    <ClInclude Include="SDK\interfaces\IEngineClient.h">
      <Filter>headers\sdk\interfaces</Filter>
    </ClInclude>
    <ClInclude Include="SDK\structs.h">
      <Filter>headers\sdk</Filter>
    </ClInclude>
    <ClInclude Include="SDK\datatypes\VMatrix.h">
      <Filter>headers\sdk\datatypes</Filter>
    </ClInclude>
    <ClInclude Include="SDK\datatypes\Color.h">
      <Filter>headers\sdk\datatypes</Filter>
    </ClInclude>
    <ClInclude Include="SDK\entity_classes.h">
      <Filter>headers\sdk</Filter>
    </ClInclude>
    <ClInclude Include="Misc\offsets.h">
      <Filter>headers\misc</Filter>
    </ClInclude>
    <ClInclude Include="Features\aimbot.h">
      <Filter>headers\features</Filter>
    </ClInclude>
    <ClInclude Include="Features\include_features.h">
      <Filter>headers\features</Filter>
    </ClInclude>
    <ClInclude Include="Features\prediction.h">
      <Filter>headers\features</Filter>
    </ClInclude>
    <ClInclude Include="SDK\interfaces\IPrediction.h">
      <Filter>headers\sdk\interfaces</Filter>
    </ClInclude>
    <ClInclude Include="SDK\interfaces\IMoveHelper.h">
      <Filter>headers\sdk\interfaces</Filter>
    </ClInclude>
    <ClInclude Include="SDK\interfaces\IGlobalVarsBase.h">
      <Filter>headers\sdk\interfaces</Filter>
    </ClInclude>
    <ClInclude Include="SDK\checksum_md5.h">
      <Filter>headers\sdk</Filter>
    </ClInclude>
    <ClInclude Include="Features\structs.h">
      <Filter>headers\features</Filter>
    </ClInclude>
    <ClInclude Include="SDK\interfaces\IVModelInfo.h">
      <Filter>headers\sdk\interfaces</Filter>
    </ClInclude>
    <ClInclude Include="SDK\datatypes\CUtlVector.h">
      <Filter>headers\sdk\datatypes</Filter>
    </ClInclude>
    <ClInclude Include="Misc\math.h">
      <Filter>headers\misc</Filter>
    </ClInclude>
    <ClInclude Include="SDK\interfaces\IVModelRender.h">
      <Filter>headers\sdk\interfaces</Filter>
    </ClInclude>
    <ClInclude Include="SDK\interfaces\IMaterialSystem.h">
      <Filter>headers\sdk\interfaces</Filter>
    </ClInclude>
    <ClInclude Include="SDK\interfaces\IMatRenderContext.h">
      <Filter>headers\sdk\interfaces</Filter>
    </ClInclude>
    <ClInclude Include="SDK\IRefCounted.h">
      <Filter>headers\sdk</Filter>
    </ClInclude>
    <ClInclude Include="Features\chams.h">
      <Filter>headers\features</Filter>
    </ClInclude>
    <ClInclude Include="Features\player_log.h">
      <Filter>headers\features</Filter>
    </ClInclude>
    <ClInclude Include="SDK\IMaterial.h">
      <Filter>headers\sdk</Filter>
    </ClInclude>
    <ClInclude Include="SDK\interfaces\IVRenderView.h">
      <Filter>headers\sdk\interfaces</Filter>
    </ClInclude>
    <ClInclude Include="SDK\datatypes\Vector2D.h">
      <Filter>headers\sdk\datatypes</Filter>
    </ClInclude>
    <ClInclude Include="Features\lag_compensation.h">
      <Filter>headers\features</Filter>
    </ClInclude>
    <ClInclude Include="SDK\interfaces\ICVar.h">
      <Filter>headers\sdk\interfaces</Filter>
    </ClInclude>
    <ClInclude Include="SDK\ConVar.h">
      <Filter>headers\sdk</Filter>
    </ClInclude>
    <ClInclude Include="SDK\interfaces\IViewRender.h">
      <Filter>headers\sdk\interfaces</Filter>
    </ClInclude>
    <ClInclude Include="SDK\interfaces\IViewRenderBeams.h">
      <Filter>headers\sdk\interfaces</Filter>
    </ClInclude>
    <ClInclude Include="SDK\interfaces\IInput.h">
      <Filter>headers\sdk\interfaces</Filter>
    </ClInclude>
    <ClInclude Include="Features\beams.h">
      <Filter>headers\features</Filter>
    </ClInclude>
    <ClInclude Include="SDK\interfaces\IGameEventManager.h">
      <Filter>headers\sdk\interfaces</Filter>
    </ClInclude>
    <ClInclude Include="Misc\listeners.h">
      <Filter>headers\misc</Filter>
    </ClInclude>
    <ClInclude Include="Features\resolver.h">
      <Filter>headers\features</Filter>
    </ClInclude>
    <ClInclude Include="Features\wall_penetration.h">
      <Filter>headers\features</Filter>
    </ClInclude>
    <ClInclude Include="SDK\trace_ray.h">
      <Filter>headers\sdk</Filter>
    </ClInclude>
    <ClInclude Include="SDK\interfaces\IPhysicsSurfaceProps.h">
      <Filter>headers\sdk\interfaces</Filter>
    </ClInclude>
    <ClInclude Include="SDK\interfaces\IEngineTrace.h">
      <Filter>headers\sdk\interfaces</Filter>
    </ClInclude>
    <ClInclude Include="Features\antiaim.h">
      <Filter>headers\features</Filter>
    </ClInclude>
    <ClInclude Include="Features\animations.h">
      <Filter>headers\features</Filter>
    </ClInclude>
    <ClInclude Include="SDK\interfaces\IClientState.h">
      <Filter>headers\sdk\interfaces</Filter>
    </ClInclude>
    <ClInclude Include="Features\thirdperson.h">
      <Filter>headers\features</Filter>
    </ClInclude>
    <ClInclude Include="SDK\interfaces\ISurface.h">
      <Filter>headers\sdk\interfaces</Filter>
    </ClInclude>
    <ClInclude Include="Features\hitmarker.h">
      <Filter>headers\features</Filter>
    </ClInclude>
    <ClInclude Include="SDK\INetChannelInfo.h">
      <Filter>headers\sdk</Filter>
    </ClInclude>
    <ClInclude Include="Features\bone_setup.h">
      <Filter>headers\features</Filter>
    </ClInclude>
    <ClInclude Include="SDK\interfaces\IMemAlloc.h">
      <Filter>headers\sdk\interfaces</Filter>
    </ClInclude>
    <ClInclude Include="SDK\interfaces\IVDebugOverlay.h">
      <Filter>headers\sdk\interfaces</Filter>
    </ClInclude>
    <ClInclude Include="SDK\CBoneChache.h">
      <Filter>headers\sdk</Filter>
    </ClInclude>
    <ClInclude Include="Features\glow.h">
      <Filter>headers\features</Filter>
    </ClInclude>
    <ClInclude Include="misc\render.h">
      <Filter>headers\misc</Filter>
    </ClInclude>
    <ClInclude Include="sdk\interfaces\CGlowObjectManager.h">
      <Filter>headers\sdk\interfaces</Filter>
    </ClInclude>
    <ClInclude Include="features\freestanding.h">
      <Filter>headers\features</Filter>
    </ClInclude>
    <ClInclude Include="sdk\CNetChannel.h">
      <Filter>headers\sdk</Filter>
    </ClInclude>
    <ClInclude Include="sdk\IMaterialVar.h">
      <Filter>headers\sdk</Filter>
    </ClInclude>
    <ClInclude Include="sdk\datatypes\Vector4D.h">
      <Filter>headers\sdk\datatypes</Filter>
    </ClInclude>
    <ClInclude Include="features\misc.h">
      <Filter>headers\features</Filter>
    </ClInclude>
    <ClInclude Include="features\visuals.h">
      <Filter>headers\features</Filter>
    </ClInclude>
    <ClInclude Include="misc\datamap.h">
      <Filter>headers\misc</Filter>
    </ClInclude>
    <ClInclude Include="features\autostrafer.h">
      <Filter>headers\features</Filter>
    </ClInclude>
    <ClInclude Include="sdk\interfaces\IVPanel.h">
      <Filter>headers\sdk\interfaces</Filter>
    </ClInclude>
    <ClInclude Include="sdk\CCSGameRulesProxy.h">
      <Filter>headers\sdk</Filter>
    </ClInclude>
    <ClInclude Include="sdk\interfaces\IWeaponSystem.h">
      <Filter>headers\sdk\interfaces</Filter>
    </ClInclude>
    <ClInclude Include="features\console_log.h">
      <Filter>headers\features</Filter>
    </ClInclude>
    <ClInclude Include="threadsafe_deque.h">
      <Filter>headers</Filter>
    </ClInclude>
    <ClInclude Include="features\skinchanger.h">
      <Filter>headers\features</Filter>
    </ClInclude>
    <ClInclude Include="features\inventorychanger.h">
      <Filter>headers\features</Filter>
    </ClInclude>
    <ClInclude Include="sdk\interfaces\ILocalize.h">
      <Filter>headers\sdk\interfaces</Filter>
    </ClInclude>
    <ClInclude Include="misc\d3dfont.h">
      <Filter>headers\misc</Filter>
    </ClInclude>
    <ClInclude Include="sdk\interfaces\CHud.h">
      <Filter>headers\sdk\interfaces</Filter>
    </ClInclude>
    <ClInclude Include="misc\hybrid_hook.h">
      <Filter>headers\misc</Filter>
    </ClInclude>
    <ClInclude Include="cthash.h">
      <Filter>headers</Filter>
    </ClInclude>
    <ClInclude Include="misc\hitsounds.h">
      <Filter>headers\misc</Filter>
    </ClInclude>
    <ClInclude Include="sdk\interfaces\CSPlayerResource.h">
      <Filter>headers\sdk\interfaces</Filter>
    </ClInclude>
    <ClInclude Include="features\knifebot.h">
      <Filter>headers\features</Filter>
    </ClInclude>
    <ClInclude Include="md5.h">
      <Filter>headers</Filter>
    </ClInclude>
    <ClInclude Include="features\legit.h">
      <Filter>headers\features</Filter>
    </ClInclude>
    <ClInclude Include="misc\ipc.h">
      <Filter>headers\misc</Filter>
    </ClInclude>
    <ClInclude Include="features\grenade_pred.h">
      <Filter>headers\features</Filter>
    </ClInclude>
    <ClInclude Include="features\aimbot_helpers.h">
      <Filter>headers\features</Filter>
    </ClInclude>
    <ClInclude Include="misc\intersection.h">
      <Filter>headers\misc</Filter>
    </ClInclude>
    <ClInclude Include="sdk\datatypes\include_datatypes.h">
      <Filter>headers\sdk\datatypes</Filter>
    </ClInclude>
    <ClInclude Include="sdk\CCSGOPlayerAnimState.h">
      <Filter>headers\sdk</Filter>
    </ClInclude>
    <ClInclude Include="smallest_pixel.h">
      <Filter>headers</Filter>
    </ClInclude>
    <ClInclude Include="sdk\datatypes\matrix3x3_t.h">
      <Filter>headers\sdk\datatypes</Filter>
    </ClInclude>
    <ClInclude Include="menu\menu.h">
      <Filter>headers\menu</Filter>
    </ClInclude>
    <ClInclude Include="menu\elements\checkbox.h">
      <Filter>headers\menu\elements</Filter>
    </ClInclude>
    <ClInclude Include="menu\elements\child.h">
      <Filter>headers\menu\elements</Filter>
    </ClInclude>
    <ClInclude Include="menu\elements\combobox.h">
      <Filter>headers\menu\elements</Filter>
    </ClInclude>
    <ClInclude Include="menu\elements\control.h">
      <Filter>headers\menu\elements</Filter>
    </ClInclude>
    <ClInclude Include="menu\elements\glitch_text.h">
      <Filter>headers\menu\elements</Filter>
    </ClInclude>
    <ClInclude Include="menu\elements\slider.h">
      <Filter>headers\menu\elements</Filter>
    </ClInclude>
    <ClInclude Include="menu\elements\sub_tab.h">
      <Filter>headers\menu\elements</Filter>
    </ClInclude>
    <ClInclude Include="menu\elements\tab.h">
      <Filter>headers\menu\elements</Filter>
    </ClInclude>
    <ClInclude Include="menu\elements\window.h">
      <Filter>headers\menu\elements</Filter>
    </ClInclude>
    <ClInclude Include="menu\elements\sub_controls\color_picker.h">
      <Filter>headers\menu\elements\sub_controls</Filter>
    </ClInclude>
    <ClInclude Include="menu\elements\sub_controls\key_bind.h">
      <Filter>headers\menu\elements\sub_controls</Filter>
    </ClInclude>
    <ClInclude Include="menu\elements\sub_controls\sub_control.h">
      <Filter>headers\menu\elements\sub_controls</Filter>
    </ClInclude>
    <ClInclude Include="menu\menu_include.h">
      <Filter>headers\menu</Filter>
    </ClInclude>
    <ClInclude Include="misc\config.h">
      <Filter>headers\misc</Filter>
    </ClInclude>
    <ClInclude Include="misc\tsl\robin_growth_policy.h">
      <Filter>headers\misc\tsl</Filter>
    </ClInclude>
    <ClInclude Include="misc\tsl\robin_hash.h">
      <Filter>headers\misc\tsl</Filter>
    </ClInclude>
    <ClInclude Include="misc\tsl\robin_map.h">
      <Filter>headers\misc\tsl</Filter>
    </ClInclude>
    <ClInclude Include="misc\tsl\robin_set.h">
      <Filter>headers\misc\tsl</Filter>
    </ClInclude>
    <ClInclude Include="misc\input.h">
      <Filter>headers\misc</Filter>
    </ClInclude>
    <ClInclude Include="space_texture.h">
      <Filter>headers</Filter>
    </ClInclude>
    <ClInclude Include="josefin_sans.h">
      <Filter>headers</Filter>
    </ClInclude>
    <ClInclude Include="menu\elements\button.h">
      <Filter>headers\menu\elements</Filter>
    </ClInclude>
    <ClInclude Include="menu\elements\listbox.h">
      <Filter>headers\menu\elements</Filter>
    </ClInclude>
    <ClInclude Include="menu\elements\text_box.h">
      <Filter>headers\menu\elements</Filter>
    </ClInclude>
    <ClInclude Include="menu\elements\pad.h">
      <Filter>headers\menu\elements</Filter>
    </ClInclude>
    <ClInclude Include="features\sound_esp.h">
      <Filter>headers\features</Filter>
    </ClInclude>
    <ClInclude Include="sdk\interfaces\IVEffects.h">
      <Filter>headers\sdk\interfaces</Filter>
    </ClInclude>
    <ClInclude Include="features\hitscan.h">
      <Filter>headers\features</Filter>
    </ClInclude>
    <ClInclude Include="weaponicons.h">
      <Filter>headers</Filter>
    </ClInclude>
    <ClInclude Include="features\flashlight.h">
      <Filter>headers\features</Filter>
    </ClInclude>
    <ClInclude Include="misc\memory.h">
      <Filter>headers\misc</Filter>
    </ClInclude>
    <ClInclude Include="misc\defs.h">
      <Filter>headers\misc</Filter>
    </ClInclude>
    <ClInclude Include="sdk\KeyValues.h">
      <Filter>headers\sdk</Filter>
    </ClInclude>
    <ClInclude Include="features\tickbase.h">
      <Filter>headers\features</Filter>
    </ClInclude>
    <ClInclude Include="features\mt.h">
      <Filter>headers\features</Filter>
    </ClInclude>
    <ClInclude Include="sdk\networkstringtable.h">
      <Filter>headers\sdk</Filter>
    </ClInclude>
    <ClInclude Include="sdk\interfaces\IStudioRender.h">
      <Filter>headers\sdk\interfaces</Filter>
    </ClInclude>
    <ClInclude Include="menu\elements\hue_slider.h">
      <Filter>headers\menu\elements</Filter>
    </ClInclude>
    <ClInclude Include="menu\elements\alpha_slider.h">
      <Filter>headers\menu\elements</Filter>
    </ClInclude>
    <ClInclude Include="menu\elements\weapon_tab.h">
      <Filter>headers\menu\elements</Filter>
    </ClInclude>
    <ClInclude Include="sdk\interfaces\IToolEntity.h">
      <Filter>headers\sdk\interfaces</Filter>
    </ClInclude>
    <ClInclude Include="misc\StackTracer.h">
      <Filter>headers\misc</Filter>
    </ClInclude>
    <ClInclude Include="features\gamemovement.h">
      <Filter>headers\features</Filter>
    </ClInclude>
    <ClInclude Include="misc\intrinsics.h">
      <Filter>headers\misc</Filter>
    </ClInclude>
    <ClInclude Include="features\entity_rendering.h">
      <Filter>headers\features</Filter>
    </ClInclude>
    <ClInclude Include="features\playerperf.h">
      <Filter>headers\features</Filter>
    </ClInclude>
    <ClInclude Include="misc\netvars.h">
      <Filter>headers\misc</Filter>
    </ClInclude>
    <ClInclude Include="misc\globals.h">
      <Filter>headers\misc</Filter>
    </ClInclude>
    <ClInclude Include="misc\networking\connector.h">
      <Filter>headers\misc\networking</Filter>
    </ClInclude>
    <ClInclude Include="misc\networking\net_offsets.h">
      <Filter>headers\misc\networking</Filter>
    </ClInclude>
    <ClInclude Include="misc\protection.h">
      <Filter>headers\misc</Filter>
    </ClInclude>
    <ClInclude Include="misc\json.hpp">
      <Filter>headers\misc</Filter>
    </ClInclude>
    <ClInclude Include="misc\MinHook.h">
      <Filter>headers\misc</Filter>
    </ClInclude>
    <ClInclude Include="misc\WinReg.hpp">
      <Filter>headers\misc</Filter>
    </ClInclude>
    <ClInclude Include="misc\crc.h">
      <Filter>headers\misc</Filter>
    </ClInclude>
    <ClInclude Include="menu\effects.h">
      <Filter>headers\menu</Filter>
    </ClInclude>
    <ClInclude Include="sdk\CMergedMDL.h">
      <Filter>headers\sdk</Filter>
    </ClInclude>
    <ClInclude Include="jost.h">
      <Filter>headers</Filter>
    </ClInclude>
    <ClInclude Include="features\shared_data.h">
      <Filter>headers\features</Filter>
    </ClInclude>
    <ClInclude Include="sdk\interfaces\IBaseFileSystem.h">
      <Filter>headers\sdk\interfaces</Filter>
    </ClInclude>
    <ClInclude Include="lua_new\lua\api_def.h">
      <Filter>headers\lua</Filter>
    </ClInclude>
    <ClInclude Include="lua_new\lua\engine.h">
      <Filter>headers\lua</Filter>
    </ClInclude>
    <ClInclude Include="lua_new\lua\helpers.h">
      <Filter>headers\lua</Filter>
    </ClInclude>
    <ClInclude Include="lua_new\lua\state.h">
      <Filter>headers\lua</Filter>
    </ClInclude>
    <ClInclude Include="misc\renderer\include\deps\stb\stb_image.h">
      <Filter>headers\misc\renderer\include\deps\stb</Filter>
    </ClInclude>
    <ClInclude Include="misc\renderer\include\deps\stb\stb_rect_pack.h">
      <Filter>headers\misc\renderer\include\deps\stb</Filter>
    </ClInclude>
    <ClInclude Include="misc\renderer\include\deps\stb\stb_truetype.h">
      <Filter>headers\misc\renderer\include\deps\stb</Filter>
    </ClInclude>
    <ClInclude Include="misc\renderer\include\ren\adapter.h">
      <Filter>headers\misc\renderer\include\ren</Filter>
    </ClInclude>
    <ClInclude Include="misc\renderer\include\ren\adapter_dx9.h">
      <Filter>headers\misc\renderer\include\ren</Filter>
    </ClInclude>
    <ClInclude Include="misc\renderer\include\ren\adapter_dx11.h">
      <Filter>headers\misc\renderer\include\ren</Filter>
    </ClInclude>
    <ClInclude Include="misc\renderer\include\ren\adapter_gl2.h">
      <Filter>headers\misc\renderer\include\ren</Filter>
    </ClInclude>
    <ClInclude Include="misc\renderer\include\ren\adapter_gl3.h">
      <Filter>headers\misc\renderer\include\ren</Filter>
    </ClInclude>
    <ClInclude Include="misc\renderer\include\ren\anim.h">
      <Filter>headers\misc\renderer\include\ren</Filter>
    </ClInclude>
    <ClInclude Include="misc\renderer\include\ren\command.h">
      <Filter>headers\misc\renderer\include\ren</Filter>
    </ClInclude>
    <ClInclude Include="misc\renderer\include\ren\font.h">
      <Filter>headers\misc\renderer\include\ren</Filter>
    </ClInclude>
    <ClInclude Include="misc\renderer\include\ren\layer.h">
      <Filter>headers\misc\renderer\include\ren</Filter>
    </ClInclude>
    <ClInclude Include="misc\renderer\include\ren\misc.h">
      <Filter>headers\misc\renderer\include\ren</Filter>
    </ClInclude>
    <ClInclude Include="misc\renderer\include\ren\renderer.h">
      <Filter>headers\misc\renderer\include\ren</Filter>
    </ClInclude>
    <ClInclude Include="misc\renderer\include\ren\texture.h">
      <Filter>headers\misc\renderer\include\ren</Filter>
    </ClInclude>
    <ClInclude Include="misc\renderer\include\ren\types.h">
      <Filter>headers\misc\renderer\include\ren</Filter>
    </ClInclude>
    <ClInclude Include="misc\renderer\include\ren\vertex.h">
      <Filter>headers\misc\renderer\include\ren</Filter>
    </ClInclude>
    <ClInclude Include="misc\renderer\include\ren\bitfont.h">
      <Filter>headers\misc\renderer\include\ren</Filter>
    </ClInclude>
    <ClInclude Include="misc\dx_adapter.h">
      <Filter>headers\misc</Filter>
    </ClInclude>
    <ClInclude Include="misc\networking\include\data.h">
      <Filter>headers\misc\networking\include</Filter>
    </ClInclude>
    <ClInclude Include="sdk\econ_item.h">
      <Filter>headers\sdk</Filter>
    </ClInclude>
    <ClInclude Include="misc\profiler.h">
      <Filter>headers\misc</Filter>
    </ClInclude>
    <ClInclude Include="sdk\panorama.h">
      <Filter>headers\sdk</Filter>
    </ClInclude>
    <ClInclude Include="misc\aes256.h">
      <Filter>headers\misc</Filter>
    </ClInclude>
    <ClInclude Include="misc\vm.hpp">
      <Filter>headers\misc</Filter>
    </ClInclude>
    <ClInclude Include="misc\networking\src\crypto\helpers.h">
      <Filter>headers\misc\networking\crypto</Filter>
    </ClInclude>
    <ClInclude Include="misc\monocypher.h">
      <Filter>headers\misc</Filter>
    </ClInclude>
  </ItemGroup>
</Project>